
Microsoft Visual Studio Solution File, Format Version 12.00
# Visual Studio Version 16
VisualStudioVersion = 16.0.30114.105
MinimumVisualStudioVersion = 10.0.40219.1
Project("{9A19103F-16F7-4668-BE54-9A1E7A4F7556}") = "FastFetch", "FastFetch\FastFetch.csproj", "{AB9203EA-4369-4058-A623-B67B351ABE84}"
EndProject
Project("{9A19103F-16F7-4668-BE54-9A1E7A4F7556}") = "GVFS", "GVFS\GVFS.csproj", "{82B2FDF9-7E2E-458D-8C4F-FE8A28694F3E}"
EndProject
Project("{9A19103F-16F7-4668-BE54-9A1E7A4F7556}") = "GVFS.Common", "GVFS.Common\GVFS.Common.csproj", "{B42CEAB7-5BB0-421D-960C-36A2AEE36C78}"
EndProject
Project("{9A19103F-16F7-4668-BE54-9A1E7A4F7556}") = "GVFS.FunctionalTests", "GVFS.FunctionalTests\GVFS.FunctionalTests.csproj", "{4DF6A9F9-341E-438D-BE7C-E37E292E5ED9}"
EndProject
Project("{9A19103F-16F7-4668-BE54-9A1E7A4F7556}") = "GVFS.FunctionalTests.LockHolder", "GVFS.FunctionalTests.LockHolder\GVFS.FunctionalTests.LockHolder.csproj", "{DE75E691-246C-4722-A8BF-C5FA711F1132}"
EndProject
Project("{9A19103F-16F7-4668-BE54-9A1E7A4F7556}") = "GVFS.GVFlt", "GVFS.GVFlt\GVFS.GVFlt.csproj", "{EFA77F52-34F7-4159-A595-DB242EE2D049}"
EndProject
Project("{9A19103F-16F7-4668-BE54-9A1E7A4F7556}") = "GVFS.Mount", "GVFS.Mount\GVFS.Mount.csproj", "{C95A3720-7246-4DD3-88CB-42A73AE96866}"
EndProject
Project("{9A19103F-16F7-4668-BE54-9A1E7A4F7556}") = "GVFS.PerfProfiling", "GVFS.PerfProfiling\GVFS.PerfProfiling.csproj", "{CF37163D-E8D3-486A-9C32-BA9B463B9AD8}"
EndProject
Project("{9A19103F-16F7-4668-BE54-9A1E7A4F7556}") = "GVFS.Platform.Windows", "GVFS.Platform.Windows\GVFS.Platform.Windows.csproj", "{4BD51DC9-1308-468C-B03C-8D22CC1913FD}"
EndProject
Project("{9A19103F-16F7-4668-BE54-9A1E7A4F7556}") = "GVFS.Service", "GVFS.Service\GVFS.Service.csproj", "{ECE16C4F-042A-4154-9EA1-F13701419341}"
EndProject
Project("{9A19103F-16F7-4668-BE54-9A1E7A4F7556}") = "GVFS.Tests", "GVFS.Tests\GVFS.Tests.csproj", "{EB300405-1D93-43C1-B5E0-289F2D43C171}"
EndProject
Project("{9A19103F-16F7-4668-BE54-9A1E7A4F7556}") = "GVFS.UnitTests", "GVFS.UnitTests\GVFS.UnitTests.csproj", "{79D8EC05-2D56-4541-BDBE-9135A35EB861}"
EndProject
Project("{9A19103F-16F7-4668-BE54-9A1E7A4F7556}") = "GVFS.Upgrader", "GVFS.Upgrader\GVFS.Upgrader.csproj", "{BCE5F498-2D23-4041-A0F8-841A2B41011E}"
EndProject
Project("{9A19103F-16F7-4668-BE54-9A1E7A4F7556}") = "GVFS.Virtualization", "GVFS.Virtualization\GVFS.Virtualization.csproj", "{63205460-9A8C-49F1-B1C2-FBB115B6E4A9}"
EndProject
Project("{9A19103F-16F7-4668-BE54-9A1E7A4F7556}") = "GVFS.Service.UI", "GVFS.Service.UI\GVFS.Service.UI.csproj", "{93B403FD-DAFB-46C5-9636-B122792A548A}"
EndProject
Project("{9A19103F-16F7-4668-BE54-9A1E7A4F7556}") = "GVFS.MSBuild", "GVFS.MSBuild\GVFS.MSBuild.csproj", "{5FB15493-D59A-4E17-BD44-756168E0CDA4}"
EndProject
Project("{FAE04EC0-301F-11D3-BF4B-00C04F79EFBC}") = "GVFS.Hooks", "GVFS.Hooks\GVFS.Hooks.csproj", "{48E13B75-521F-4EB9-8EBC-AD44615D18B3}"
EndProject
Global
	GlobalSection(SolutionConfigurationPlatforms) = preSolution
		Debug|Any CPU = Debug|Any CPU
		Release|Any CPU = Release|Any CPU
	EndGlobalSection
	GlobalSection(ProjectConfigurationPlatforms) = postSolution
		{AB9203EA-4369-4058-A623-B67B351ABE84}.Debug|Any CPU.ActiveCfg = Debug|Any CPU
		{AB9203EA-4369-4058-A623-B67B351ABE84}.Debug|Any CPU.Build.0 = Debug|Any CPU
		{AB9203EA-4369-4058-A623-B67B351ABE84}.Release|Any CPU.ActiveCfg = Release|Any CPU
		{AB9203EA-4369-4058-A623-B67B351ABE84}.Release|Any CPU.Build.0 = Release|Any CPU
		{82B2FDF9-7E2E-458D-8C4F-FE8A28694F3E}.Debug|Any CPU.ActiveCfg = Debug|Any CPU
		{82B2FDF9-7E2E-458D-8C4F-FE8A28694F3E}.Debug|Any CPU.Build.0 = Debug|Any CPU
		{82B2FDF9-7E2E-458D-8C4F-FE8A28694F3E}.Release|Any CPU.ActiveCfg = Release|Any CPU
		{82B2FDF9-7E2E-458D-8C4F-FE8A28694F3E}.Release|Any CPU.Build.0 = Release|Any CPU
		{B42CEAB7-5BB0-421D-960C-36A2AEE36C78}.Debug|Any CPU.ActiveCfg = Debug|Any CPU
		{B42CEAB7-5BB0-421D-960C-36A2AEE36C78}.Debug|Any CPU.Build.0 = Debug|Any CPU
		{B42CEAB7-5BB0-421D-960C-36A2AEE36C78}.Release|Any CPU.ActiveCfg = Release|Any CPU
		{B42CEAB7-5BB0-421D-960C-36A2AEE36C78}.Release|Any CPU.Build.0 = Release|Any CPU
		{4DF6A9F9-341E-438D-BE7C-E37E292E5ED9}.Debug|Any CPU.ActiveCfg = Debug|Any CPU
		{4DF6A9F9-341E-438D-BE7C-E37E292E5ED9}.Debug|Any CPU.Build.0 = Debug|Any CPU
		{4DF6A9F9-341E-438D-BE7C-E37E292E5ED9}.Release|Any CPU.ActiveCfg = Release|Any CPU
		{4DF6A9F9-341E-438D-BE7C-E37E292E5ED9}.Release|Any CPU.Build.0 = Release|Any CPU
		{DE75E691-246C-4722-A8BF-C5FA711F1132}.Debug|Any CPU.ActiveCfg = Debug|Any CPU
		{DE75E691-246C-4722-A8BF-C5FA711F1132}.Debug|Any CPU.Build.0 = Debug|Any CPU
		{DE75E691-246C-4722-A8BF-C5FA711F1132}.Release|Any CPU.ActiveCfg = Release|Any CPU
		{DE75E691-246C-4722-A8BF-C5FA711F1132}.Release|Any CPU.Build.0 = Release|Any CPU
		{EFA77F52-34F7-4159-A595-DB242EE2D049}.Debug|Any CPU.ActiveCfg = Debug|Any CPU
		{EFA77F52-34F7-4159-A595-DB242EE2D049}.Debug|Any CPU.Build.0 = Debug|Any CPU
		{EFA77F52-34F7-4159-A595-DB242EE2D049}.Release|Any CPU.ActiveCfg = Release|Any CPU
		{EFA77F52-34F7-4159-A595-DB242EE2D049}.Release|Any CPU.Build.0 = Release|Any CPU
		{C95A3720-7246-4DD3-88CB-42A73AE96866}.Debug|Any CPU.ActiveCfg = Debug|Any CPU
		{C95A3720-7246-4DD3-88CB-42A73AE96866}.Debug|Any CPU.Build.0 = Debug|Any CPU
		{C95A3720-7246-4DD3-88CB-42A73AE96866}.Release|Any CPU.ActiveCfg = Release|Any CPU
		{C95A3720-7246-4DD3-88CB-42A73AE96866}.Release|Any CPU.Build.0 = Release|Any CPU
		{CF37163D-E8D3-486A-9C32-BA9B463B9AD8}.Debug|Any CPU.ActiveCfg = Debug|Any CPU
		{CF37163D-E8D3-486A-9C32-BA9B463B9AD8}.Debug|Any CPU.Build.0 = Debug|Any CPU
		{CF37163D-E8D3-486A-9C32-BA9B463B9AD8}.Release|Any CPU.ActiveCfg = Release|Any CPU
		{CF37163D-E8D3-486A-9C32-BA9B463B9AD8}.Release|Any CPU.Build.0 = Release|Any CPU
		{4BD51DC9-1308-468C-B03C-8D22CC1913FD}.Debug|Any CPU.ActiveCfg = Debug|Any CPU
		{4BD51DC9-1308-468C-B03C-8D22CC1913FD}.Debug|Any CPU.Build.0 = Debug|Any CPU
		{4BD51DC9-1308-468C-B03C-8D22CC1913FD}.Release|Any CPU.ActiveCfg = Release|Any CPU
		{4BD51DC9-1308-468C-B03C-8D22CC1913FD}.Release|Any CPU.Build.0 = Release|Any CPU
		{ECE16C4F-042A-4154-9EA1-F13701419341}.Debug|Any CPU.ActiveCfg = Debug|Any CPU
		{ECE16C4F-042A-4154-9EA1-F13701419341}.Debug|Any CPU.Build.0 = Debug|Any CPU
		{ECE16C4F-042A-4154-9EA1-F13701419341}.Release|Any CPU.ActiveCfg = Release|Any CPU
		{ECE16C4F-042A-4154-9EA1-F13701419341}.Release|Any CPU.Build.0 = Release|Any CPU
		{EB300405-1D93-43C1-B5E0-289F2D43C171}.Debug|Any CPU.ActiveCfg = Debug|Any CPU
		{EB300405-1D93-43C1-B5E0-289F2D43C171}.Debug|Any CPU.Build.0 = Debug|Any CPU
		{EB300405-1D93-43C1-B5E0-289F2D43C171}.Release|Any CPU.ActiveCfg = Release|Any CPU
		{EB300405-1D93-43C1-B5E0-289F2D43C171}.Release|Any CPU.Build.0 = Release|Any CPU
		{79D8EC05-2D56-4541-BDBE-9135A35EB861}.Debug|Any CPU.ActiveCfg = Debug|Any CPU
		{79D8EC05-2D56-4541-BDBE-9135A35EB861}.Debug|Any CPU.Build.0 = Debug|Any CPU
		{79D8EC05-2D56-4541-BDBE-9135A35EB861}.Release|Any CPU.ActiveCfg = Release|Any CPU
		{79D8EC05-2D56-4541-BDBE-9135A35EB861}.Release|Any CPU.Build.0 = Release|Any CPU
		{BCE5F498-2D23-4041-A0F8-841A2B41011E}.Debug|Any CPU.ActiveCfg = Debug|Any CPU
		{BCE5F498-2D23-4041-A0F8-841A2B41011E}.Debug|Any CPU.Build.0 = Debug|Any CPU
		{BCE5F498-2D23-4041-A0F8-841A2B41011E}.Release|Any CPU.ActiveCfg = Release|Any CPU
		{BCE5F498-2D23-4041-A0F8-841A2B41011E}.Release|Any CPU.Build.0 = Release|Any CPU
		{63205460-9A8C-49F1-B1C2-FBB115B6E4A9}.Debug|Any CPU.ActiveCfg = Debug|Any CPU
		{63205460-9A8C-49F1-B1C2-FBB115B6E4A9}.Debug|Any CPU.Build.0 = Debug|Any CPU
		{63205460-9A8C-49F1-B1C2-FBB115B6E4A9}.Release|Any CPU.ActiveCfg = Release|Any CPU
		{63205460-9A8C-49F1-B1C2-FBB115B6E4A9}.Release|Any CPU.Build.0 = Release|Any CPU
		{93B403FD-DAFB-46C5-9636-B122792A548A}.Debug|Any CPU.ActiveCfg = Debug|Any CPU
		{93B403FD-DAFB-46C5-9636-B122792A548A}.Debug|Any CPU.Build.0 = Debug|Any CPU
		{93B403FD-DAFB-46C5-9636-B122792A548A}.Release|Any CPU.ActiveCfg = Release|Any CPU
		{93B403FD-DAFB-46C5-9636-B122792A548A}.Release|Any CPU.Build.0 = Release|Any CPU
		{5FB15493-D59A-4E17-BD44-756168E0CDA4}.Debug|Any CPU.ActiveCfg = Debug|Any CPU
		{5FB15493-D59A-4E17-BD44-756168E0CDA4}.Debug|Any CPU.Build.0 = Debug|Any CPU
		{5FB15493-D59A-4E17-BD44-756168E0CDA4}.Release|Any CPU.ActiveCfg = Release|Any CPU
		{5FB15493-D59A-4E17-BD44-756168E0CDA4}.Release|Any CPU.Build.0 = Release|Any CPU
		{48E13B75-521F-4EB9-8EBC-AD44615D18B3}.Debug|Any CPU.ActiveCfg = Debug|Any CPU
		{48E13B75-521F-4EB9-8EBC-AD44615D18B3}.Debug|Any CPU.Build.0 = Debug|Any CPU
		{48E13B75-521F-4EB9-8EBC-AD44615D18B3}.Release|Any CPU.ActiveCfg = Release|Any CPU
		{48E13B75-521F-4EB9-8EBC-AD44615D18B3}.Release|Any CPU.Build.0 = Release|Any CPU
	EndGlobalSection
	GlobalSection(SolutionProperties) = preSolution
		HideSolutionNode = FALSE
	EndGlobalSection
	GlobalSection(ExtensibilityGlobals) = postSolution
		SolutionGuid = {C2F82F7A-9000-40B7-87FF-B0EE5534FF78}
	EndGlobalSection
EndGlobal
